
Microsoft Visual Studio Solution File, Format Version 12.00
# Visual Studio 15
VisualStudioVersion = 15.0.28010.2026
MinimumVisualStudioVersion = 10.0.40219.1
Project("{9A19103F-16F7-4668-BE54-9A1E7A4F7556}") = "Orion.Web", "Orion.Web\Orion.Web.csproj", "{2C141EC1-5DFD-438B-BF21-E054B72C1E7E}"
EndProject
Project("{9A19103F-16F7-4668-BE54-9A1E7A4F7556}") = "Orion.DB", "Orion.DB\Orion.DB.csproj", "{E50AB2C7-930C-4093-A9BA-55D98A42EDDA}"
EndProject
Global
	GlobalSection(SolutionConfigurationPlatforms) = preSolution
		Debug|Any CPU = Debug|Any CPU
		Release|Any CPU = Release|Any CPU
	EndGlobalSection
	GlobalSection(ProjectConfigurationPlatforms) = postSolution
		{2C141EC1-5DFD-438B-BF21-E054B72C1E7E}.Debug|Any CPU.ActiveCfg = Debug|Any CPU
		{2C141EC1-5DFD-438B-BF21-E054B72C1E7E}.Debug|Any CPU.Build.0 = Debug|Any CPU
		{2C141EC1-5DFD-438B-BF21-E054B72C1E7E}.Release|Any CPU.ActiveCfg = Release|Any CPU
		{2C141EC1-5DFD-438B-BF21-E054B72C1E7E}.Release|Any CPU.Build.0 = Release|Any CPU
		{E50AB2C7-930C-4093-A9BA-55D98A42EDDA}.Debug|Any CPU.ActiveCfg = Debug|Any CPU
		{E50AB2C7-930C-4093-A9BA-55D98A42EDDA}.Debug|Any CPU.Build.0 = Debug|Any CPU
		{E50AB2C7-930C-4093-A9BA-55D98A42EDDA}.Release|Any CPU.ActiveCfg = Release|Any CPU
		{E50AB2C7-930C-4093-A9BA-55D98A42EDDA}.Release|Any CPU.Build.0 = Release|Any CPU
	EndGlobalSection
	GlobalSection(SolutionProperties) = preSolution
		HideSolutionNode = FALSE
	EndGlobalSection
	GlobalSection(ExtensibilityGlobals) = postSolution
		SolutionGuid = {A1996765-933C-47B4-A4CB-A7C51ED8333E}
	EndGlobalSection
EndGlobal
